
Microsoft Visual Studio Solution File, Format Version 12.00
# Visual Studio Version 17
VisualStudioVersion = 17.9.34622.214
MinimumVisualStudioVersion = 10.0.40219.1
Project("{FAE04EC0-301F-11D3-BF4B-00C04F79EFBC}") = "BulkyBookWeb", "BulkyBookWeb\BulkyBookWeb.csproj", "{639DFC27-C24D-4CF9-B6C5-A9E6A3C8D975}"
EndProject
Global
	GlobalSection(SolutionConfigurationPlatforms) = preSolution
		Debug|Any CPU = Debug|Any CPU
		Release|Any CPU = Release|Any CPU
	EndGlobalSection
	GlobalSection(ProjectConfigurationPlatforms) = postSolution
		{639DFC27-C24D-4CF9-B6C5-A9E6A3C8D975}.Debug|Any CPU.ActiveCfg = Debug|Any CPU
		{639DFC27-C24D-4CF9-B6C5-A9E6A3C8D975}.Debug|Any CPU.Build.0 = Debug|Any CPU
		{639DFC27-C24D-4CF9-B6C5-A9E6A3C8D975}.Release|Any CPU.ActiveCfg = Release|Any CPU
		{639DFC27-C24D-4CF9-B6C5-A9E6A3C8D975}.Release|Any CPU.Build.0 = Release|Any CPU
	EndGlobalSection
	GlobalSection(SolutionProperties) = preSolution
		HideSolutionNode = FALSE
	EndGlobalSection
	GlobalSection(ExtensibilityGlobals) = postSolution
		SolutionGuid = {2369CCA1-8D6B-4066-94C4-4111C41316C8}
	EndGlobalSection
EndGlobal
